
Microsoft Visual Studio Solution File, Format Version 12.00
# Blend for Visual Studio Version 17
VisualStudioVersion = 17.8.34525.116
MinimumVisualStudioVersion = 10.0.40219.1
Project("{FAE04EC0-301F-11D3-BF4B-00C04F79EFBC}") = "MacewanClassEnrollmentSystem", "MacewanClassEnrollmentSystem.csproj", "{5AE78F5C-E148-4137-8E00-FAC83FF8848F}"
EndProject
Global
	GlobalSection(SolutionConfigurationPlatforms) = preSolution
		Debug|Any CPU = Debug|Any CPU
		Release|Any CPU = Release|Any CPU
	EndGlobalSection
	GlobalSection(ProjectConfigurationPlatforms) = postSolution
		{5AE78F5C-E148-4137-8E00-FAC83FF8848F}.Debug|Any CPU.ActiveCfg = Debug|Any CPU
		{5AE78F5C-E148-4137-8E00-FAC83FF8848F}.Debug|Any CPU.Build.0 = Debug|Any CPU
		{5AE78F5C-E148-4137-8E00-FAC83FF8848F}.Release|Any CPU.ActiveCfg = Release|Any CPU
		{5AE78F5C-E148-4137-8E00-FAC83FF8848F}.Release|Any CPU.Build.0 = Release|Any CPU
	EndGlobalSection
	GlobalSection(SolutionProperties) = preSolution
		HideSolutionNode = FALSE
	EndGlobalSection
	GlobalSection(ExtensibilityGlobals) = postSolution
		SolutionGuid = {EA1DF700-4643-420F-924E-4B62E437F878}
	EndGlobalSection
EndGlobal
